
Microsoft Visual Studio Solution File, Format Version 12.00
# Visual Studio 15
VisualStudioVersion = 15.0.27004.2009
MinimumVisualStudioVersion = 10.0.40219.1
Project("{FAE04EC0-301F-11D3-BF4B-00C04F79EFBC}") = "MyProject", "MyProject\MyProject.csproj", "{4ED097C8-2F26-49D4-80F3-C4E21EF9C347}"
EndProject
Global
	GlobalSection(SolutionConfigurationPlatforms) = preSolution
		Debug|Any CPU = Debug|Any CPU
		Release|Any CPU = Release|Any CPU
	EndGlobalSection
	GlobalSection(ProjectConfigurationPlatforms) = postSolution
		{4ED097C8-2F26-49D4-80F3-C4E21EF9C347}.Debug|Any CPU.ActiveCfg = Debug|Any CPU
		{4ED097C8-2F26-49D4-80F3-C4E21EF9C347}.Debug|Any CPU.Build.0 = Debug|Any CPU
		{4ED097C8-2F26-49D4-80F3-C4E21EF9C347}.Release|Any CPU.ActiveCfg = Release|Any CPU
		{4ED097C8-2F26-49D4-80F3-C4E21EF9C347}.Release|Any CPU.Build.0 = Release|Any CPU
	EndGlobalSection
	GlobalSection(SolutionProperties) = preSolution
		HideSolutionNode = FALSE
	EndGlobalSection
	GlobalSection(ExtensibilityGlobals) = postSolution
		SolutionGuid = {C5833AD1-4786-4E99-BC94-EB6F2C60F4D2}
	EndGlobalSection
EndGlobal
